{
  "version": 4,
  "terraform_version": "1.12.2",
  "serial": 25,
  "lineage": "45e026c3-32ba-dea9-7cb1-436c03003399",
  "outputs": {
    "public_ips": {
      "value": [
        "3.80.206.88",
        "44.203.115.192"
      ],
      "type": [
        "tuple",
        [
          "string",
          "string"
        ]
      ]
    }
  },
  "resources": [
    {
      "mode": "managed",
      "type": "aws_instance",
      "name": "web",
      "provider": "provider[\"registry.terraform.io/hashicorp/aws\"]",
      "instances": [
        {
          "index_key": 0,
          "schema_version": 2,
          "attributes": {
            "ami": "ami-0fc5d935ebf8bc3bc",
            "arn": "arn:aws:ec2:us-east-1:348263686589:instance/i-0a257d48d4957c0ce",
            "associate_public_ip_address": true,
            "availability_zone": "us-east-1b",
            "capacity_reservation_specification": [
              {
                "capacity_reservation_preference": "open",
                "capacity_reservation_target": []
              }
            ],
            "cpu_options": [
              {
                "amd_sev_snp": "",
                "core_count": 1,
                "threads_per_core": 1
              }
            ],
            "credit_specification": [
              {
                "cpu_credits": "standard"
              }
            ],
            "disable_api_stop": false,
            "disable_api_termination": false,
            "ebs_block_device": [],
            "ebs_optimized": false,
            "enable_primary_ipv6": null,
            "enclave_options": [
              {
                "enabled": false
              }
            ],
            "ephemeral_block_device": [],
            "get_password_data": false,
            "hibernation": false,
            "host_id": "",
            "host_resource_group_arn": null,
            "iam_instance_profile": "",
            "id": "i-0a257d48d4957c0ce",
            "instance_initiated_shutdown_behavior": "stop",
            "instance_lifecycle": "",
            "instance_market_options": [],
            "instance_state": "running",
            "instance_type": "t2.micro",
            "ipv6_address_count": 0,
            "ipv6_addresses": [],
            "key_name": "terraform-key",
            "launch_template": [],
            "maintenance_options": [
              {
                "auto_recovery": "default"
              }
            ],
            "metadata_options": [
              {
                "http_endpoint": "enabled",
                "http_protocol_ipv6": "disabled",
                "http_put_response_hop_limit": 1,
                "http_tokens": "optional",
                "instance_metadata_tags": "disabled"
              }
            ],
            "monitoring": false,
            "network_interface": [],
            "outpost_arn": "",
            "password_data": "",
            "placement_group": "",
            "placement_partition_number": 0,
            "primary_network_interface_id": "eni-0c2bb52c06b1b112d",
            "private_dns": "ip-172-31-87-45.ec2.internal",
            "private_dns_name_options": [
              {
                "enable_resource_name_dns_a_record": false,
                "enable_resource_name_dns_aaaa_record": false,
                "hostname_type": "ip-name"
              }
            ],
            "private_ip": "172.31.87.45",
            "public_dns": "ec2-3-80-206-88.compute-1.amazonaws.com",
            "public_ip": "3.80.206.88",
            "region": "us-east-1",
            "root_block_device": [
              {
                "delete_on_termination": true,
                "device_name": "/dev/sda1",
                "encrypted": false,
                "iops": 100,
                "kms_key_id": "",
                "tags": {},
                "tags_all": {},
                "throughput": 0,
                "volume_id": "vol-06f133d995d2f7a58",
                "volume_size": 8,
                "volume_type": "gp2"
              }
            ],
            "secondary_private_ips": [],
            "security_groups": [
              "web-sg20250625080541548100000001"
            ],
            "source_dest_check": true,
            "spot_instance_request_id": "",
            "subnet_id": "subnet-0acc9fc88f40034e0",
            "tags": {
              "Name": "web-1"
            },
            "tags_all": {
              "Name": "web-1"
            },
            "tenancy": "default",
            "timeouts": null,
            "user_data": "#!/bin/bash\n\nsudo apt update -y\nsudo apt install -y python3-pip\npip3 install flask requests\n\nmkdir -p /home/ubuntu/app/templates\n\ncat \u003c\u003c 'EOF' \u003e /home/ubuntu/app/app.py\nfrom flask import Flask, request, render_template\nimport requests\n\napp = Flask(__name__)\n\n@app.route(\"/\", methods=[\"GET\", \"POST\"])\ndef index():\n    ip = requests.get(\"https://ifconfig.me\").text\n    result = None\n    if request.method == \"POST\":\n        n1 = float(request.form['n1'])\n        n2 = float(request.form['n2'])\n        op = request.form['op']\n        if op == '+': result = n1 + n2\n        elif op == '-': result = n1 - n2\n        elif op == '*': result = n1 * n2\n        elif op == '/': result = n1 / n2 if n2 != 0 else 'Error'\n    return render_template(\"index.html\", ip=ip, result=result)\n\nif __name__ == \"__main__\":\n    app.run(host='0.0.0.0')\nEOF\n\ncat \u003c\u003c 'EOF' \u003e /home/ubuntu/app/templates/index.html\n\u003c!DOCTYPE html\u003e\n\u003chtml\u003e\n\u003chead\u003e\u003ctitle\u003eApp EC2\u003c/title\u003e\u003c/head\u003e\n\u003cbody\u003e\n\u003ch2\u003eIP Pública: {{ ip }}\u003c/h2\u003e\n\u003cform method=\"post\"\u003e\n    \u003cinput name=\"n1\" placeholder=\"Número 1\"\u003e\n    \u003cselect name=\"op\"\u003e\n        \u003coption\u003e+\u003c/option\u003e\u003coption\u003e-\u003c/option\u003e\u003coption\u003e*\u003c/option\u003e\u003coption\u003e/\u003c/option\u003e\n    \u003c/select\u003e\n    \u003cinput name=\"n2\" placeholder=\"Número 2\"\u003e\n    \u003cinput type=\"submit\" value=\"Calcular\"\u003e\n\u003c/form\u003e\n{% if result is not none %}\u003ch3\u003eResultado: {{ result }}\u003c/h3\u003e{% endif %}\n\u003c/body\u003e\n\u003c/html\u003e\nEOF\n\ncd /home/ubuntu/app\nnohup python3 app.py \u003e /dev/null 2\u003e\u00261 \u0026\n",
            "user_data_base64": null,
            "user_data_replace_on_change": false,
            "volume_tags": null,
            "vpc_security_group_ids": [
              "sg-0e762005b0b549c56"
            ]
          },
          "sensitive_attributes": [],
          "identity_schema_version": 0,
          "private": "eyJlMmJmYjczMC1lY2FhLTExZTYtOGY4OC0zNDM2M2JjN2M0YzAiOnsiY3JlYXRlIjo2MDAwMDAwMDAwMDAsImRlbGV0ZSI6MTIwMDAwMDAwMDAwMCwicmVhZCI6OTAwMDAwMDAwMDAwLCJ1cGRhdGUiOjYwMDAwMDAwMDAwMH0sInNjaGVtYV92ZXJzaW9uIjoiMiJ9",
          "dependencies": [
            "aws_key_pair.deployer",
            "aws_security_group.allow_http_ssh"
          ]
        },
        {
          "index_key": 1,
          "schema_version": 2,
          "attributes": {
            "ami": "ami-0fc5d935ebf8bc3bc",
            "arn": "arn:aws:ec2:us-east-1:348263686589:instance/i-064d40fe77beb5dff",
            "associate_public_ip_address": true,
            "availability_zone": "us-east-1b",
            "capacity_reservation_specification": [
              {
                "capacity_reservation_preference": "open",
                "capacity_reservation_target": []
              }
            ],
            "cpu_options": [
              {
                "amd_sev_snp": "",
                "core_count": 1,
                "threads_per_core": 1
              }
            ],
            "credit_specification": [
              {
                "cpu_credits": "standard"
              }
            ],
            "disable_api_stop": false,
            "disable_api_termination": false,
            "ebs_block_device": [],
            "ebs_optimized": false,
            "enable_primary_ipv6": null,
            "enclave_options": [
              {
                "enabled": false
              }
            ],
            "ephemeral_block_device": [],
            "get_password_data": false,
            "hibernation": false,
            "host_id": "",
            "host_resource_group_arn": null,
            "iam_instance_profile": "",
            "id": "i-064d40fe77beb5dff",
            "instance_initiated_shutdown_behavior": "stop",
            "instance_lifecycle": "",
            "instance_market_options": [],
            "instance_state": "running",
            "instance_type": "t2.micro",
            "ipv6_address_count": 0,
            "ipv6_addresses": [],
            "key_name": "terraform-key",
            "launch_template": [],
            "maintenance_options": [
              {
                "auto_recovery": "default"
              }
            ],
            "metadata_options": [
              {
                "http_endpoint": "enabled",
                "http_protocol_ipv6": "disabled",
                "http_put_response_hop_limit": 1,
                "http_tokens": "optional",
                "instance_metadata_tags": "disabled"
              }
            ],
            "monitoring": false,
            "network_interface": [],
            "outpost_arn": "",
            "password_data": "",
            "placement_group": "",
            "placement_partition_number": 0,
            "primary_network_interface_id": "eni-0009aaf86b67a6201",
            "private_dns": "ip-172-31-80-254.ec2.internal",
            "private_dns_name_options": [
              {
                "enable_resource_name_dns_a_record": false,
                "enable_resource_name_dns_aaaa_record": false,
                "hostname_type": "ip-name"
              }
            ],
            "private_ip": "172.31.80.254",
            "public_dns": "ec2-44-203-115-192.compute-1.amazonaws.com",
            "public_ip": "44.203.115.192",
            "region": "us-east-1",
            "root_block_device": [
              {
                "delete_on_termination": true,
                "device_name": "/dev/sda1",
                "encrypted": false,
                "iops": 100,
                "kms_key_id": "",
                "tags": {},
                "tags_all": {},
                "throughput": 0,
                "volume_id": "vol-0dc21f9b1f15231a4",
                "volume_size": 8,
                "volume_type": "gp2"
              }
            ],
            "secondary_private_ips": [],
            "security_groups": [
              "web-sg20250625080541548100000001"
            ],
            "source_dest_check": true,
            "spot_instance_request_id": "",
            "subnet_id": "subnet-0acc9fc88f40034e0",
            "tags": {
              "Name": "web-2"
            },
            "tags_all": {
              "Name": "web-2"
            },
            "tenancy": "default",
            "timeouts": null,
            "user_data": "#!/bin/bash\n\nsudo apt update -y\nsudo apt install -y python3-pip\npip3 install flask requests\n\nmkdir -p /home/ubuntu/app/templates\n\ncat \u003c\u003c 'EOF' \u003e /home/ubuntu/app/app.py\nfrom flask import Flask, request, render_template\nimport requests\n\napp = Flask(__name__)\n\n@app.route(\"/\", methods=[\"GET\", \"POST\"])\ndef index():\n    ip = requests.get(\"https://ifconfig.me\").text\n    result = None\n    if request.method == \"POST\":\n        n1 = float(request.form['n1'])\n        n2 = float(request.form['n2'])\n        op = request.form['op']\n        if op == '+': result = n1 + n2\n        elif op == '-': result = n1 - n2\n        elif op == '*': result = n1 * n2\n        elif op == '/': result = n1 / n2 if n2 != 0 else 'Error'\n    return render_template(\"index.html\", ip=ip, result=result)\n\nif __name__ == \"__main__\":\n    app.run(host='0.0.0.0')\nEOF\n\ncat \u003c\u003c 'EOF' \u003e /home/ubuntu/app/templates/index.html\n\u003c!DOCTYPE html\u003e\n\u003chtml\u003e\n\u003chead\u003e\u003ctitle\u003eApp EC2\u003c/title\u003e\u003c/head\u003e\n\u003cbody\u003e\n\u003ch2\u003eIP Pública: {{ ip }}\u003c/h2\u003e\n\u003cform method=\"post\"\u003e\n    \u003cinput name=\"n1\" placeholder=\"Número 1\"\u003e\n    \u003cselect name=\"op\"\u003e\n        \u003coption\u003e+\u003c/option\u003e\u003coption\u003e-\u003c/option\u003e\u003coption\u003e*\u003c/option\u003e\u003coption\u003e/\u003c/option\u003e\n    \u003c/select\u003e\n    \u003cinput name=\"n2\" placeholder=\"Número 2\"\u003e\n    \u003cinput type=\"submit\" value=\"Calcular\"\u003e\n\u003c/form\u003e\n{% if result is not none %}\u003ch3\u003eResultado: {{ result }}\u003c/h3\u003e{% endif %}\n\u003c/body\u003e\n\u003c/html\u003e\nEOF\n\ncd /home/ubuntu/app\nnohup python3 app.py \u003e /dev/null 2\u003e\u00261 \u0026\n",
            "user_data_base64": null,
            "user_data_replace_on_change": false,
            "volume_tags": null,
            "vpc_security_group_ids": [
              "sg-0e762005b0b549c56"
            ]
          },
          "sensitive_attributes": [],
          "identity_schema_version": 0,
          "private": "eyJlMmJmYjczMC1lY2FhLTExZTYtOGY4OC0zNDM2M2JjN2M0YzAiOnsiY3JlYXRlIjo2MDAwMDAwMDAwMDAsImRlbGV0ZSI6MTIwMDAwMDAwMDAwMCwicmVhZCI6OTAwMDAwMDAwMDAwLCJ1cGRhdGUiOjYwMDAwMDAwMDAwMH0sInNjaGVtYV92ZXJzaW9uIjoiMiJ9",
          "dependencies": [
            "aws_key_pair.deployer",
            "aws_security_group.allow_http_ssh"
          ]
        }
      ]
    },
    {
      "mode": "managed",
      "type": "aws_key_pair",
      "name": "deployer",
      "provider": "provider[\"registry.terraform.io/hashicorp/aws\"]",
      "instances": [
        {
          "schema_version": 1,
          "attributes": {
            "arn": "arn:aws:ec2:us-east-1:348263686589:key-pair/terraform-key",
            "fingerprint": "cd:cd:bb:9c:77:0a:71:97:11:16:23:08:86:82:9c:25",
            "id": "terraform-key",
            "key_name": "terraform-key",
            "key_name_prefix": "",
            "key_pair_id": "key-0010a15949b8cc5d9",
            "key_type": "rsa",
            "public_key": "ssh-rsa AAAAB3NzaC1yc2EAAAADAQABAAABAQCbN3t1MwvvWlxM+lcI569FH7xlumxWHLGBDdJXCQsblV2au9SmtTl+6OoqJLEW0pBtbBTffvyRXUZR9iuk997b/wZlDsm4oKnRn9olHM9X0I8oR3XKemimOp7kUphbjBwYduPRH8d/IYGue52GgLfMhO1+XXPv1PDO6Hn5b3Bb2449pDGtKVtLPLn6rEzzTjKzNrAC7dx8y+lsOdhILSdx2PKc/P08lGgLXfnvCp6y4z4hztM6cc+ahb4eclWKNEtdnvbHvq7ChRBlbBaPvKakJul7AG0qXRPGt7XCfLyLTUKHuU0m/RnvQ78BB/9jOLvPrL2lzd0pd1SmaOihLoL9 oscar@server",
            "region": "us-east-1",
            "tags": null,
            "tags_all": {}
          },
          "sensitive_attributes": [],
          "identity_schema_version": 0,
          "private": "eyJzY2hlbWFfdmVyc2lvbiI6IjEifQ=="
        }
      ]
    },
    {
      "mode": "managed",
      "type": "aws_security_group",
      "name": "allow_http_ssh",
      "provider": "provider[\"registry.terraform.io/hashicorp/aws\"]",
      "instances": [
        {
          "schema_version": 1,
          "attributes": {
            "arn": "arn:aws:ec2:us-east-1:348263686589:security-group/sg-0e762005b0b549c56",
            "description": "Managed by Terraform",
            "egress": [
              {
                "cidr_blocks": [
                  "0.0.0.0/0"
                ],
                "description": "",
                "from_port": 0,
                "ipv6_cidr_blocks": [],
                "prefix_list_ids": [],
                "protocol": "-1",
                "security_groups": [],
                "self": false,
                "to_port": 0
              }
            ],
            "id": "sg-0e762005b0b549c56",
            "ingress": [
              {
                "cidr_blocks": [
                  "0.0.0.0/0"
                ],
                "description": "",
                "from_port": 22,
                "ipv6_cidr_blocks": [],
                "prefix_list_ids": [],
                "protocol": "tcp",
                "security_groups": [],
                "self": false,
                "to_port": 22
              },
              {
                "cidr_blocks": [
                  "0.0.0.0/0"
                ],
                "description": "",
                "from_port": 5000,
                "ipv6_cidr_blocks": [],
                "prefix_list_ids": [],
                "protocol": "tcp",
                "security_groups": [],
                "self": false,
                "to_port": 5000
              }
            ],
            "name": "web-sg20250625080541548100000001",
            "name_prefix": "web-sg",
            "owner_id": "348263686589",
            "region": "us-east-1",
            "revoke_rules_on_delete": false,
            "tags": {},
            "tags_all": {},
            "timeouts": null,
            "vpc_id": "vpc-0af173e55f576e7c2"
          },
          "sensitive_attributes": [],
          "identity_schema_version": 0,
          "private": "eyJlMmJmYjczMC1lY2FhLTExZTYtOGY4OC0zNDM2M2JjN2M0YzAiOnsiY3JlYXRlIjo2MDAwMDAwMDAwMDAsImRlbGV0ZSI6OTAwMDAwMDAwMDAwfSwic2NoZW1hX3ZlcnNpb24iOiIxIn0="
        }
      ]
    }
  ],
  "check_results": null
}
